
Microsoft Visual Studio Solution File, Format Version 12.00
# Visual Studio 2015
Project("{FAE04EC0-301F-11D3-BF4B-00C04F79EFBC}") = "TomHax.CSharp.Plugins", "TomHax.CSharp.Plugins.csproj", "{46A6FF98-9123-3657-1F36-C672C3FC41AC}"
EndProject
Project("{FAE04EC0-301F-11D3-BF4B-00C04F79EFBC}") = "TomHax.CSharp", "TomHax.CSharp.csproj", "{15463625-7A36-A4F6-D7E2-E5AAE9829B80}"
EndProject
Project("{FAE04EC0-301F-11D3-BF4B-00C04F79EFBC}") = "TomHax.CSharp.Editor", "TomHax.CSharp.Editor.csproj", "{E933A41B-4EB1-4F39-D8F1-D147035C0A33}"
EndProject
Global
	GlobalSection(SolutionConfigurationPlatforms) = preSolution
		Debug|Any CPU = Debug|Any CPU
		Release|Any CPU = Release|Any CPU
	EndGlobalSection
	GlobalSection(ProjectConfigurationPlatforms) = postSolution
		{46A6FF98-9123-3657-1F36-C672C3FC41AC}.Debug|Any CPU.ActiveCfg = Debug|Any CPU
		{46A6FF98-9123-3657-1F36-C672C3FC41AC}.Debug|Any CPU.Build.0 = Debug|Any CPU
		{46A6FF98-9123-3657-1F36-C672C3FC41AC}.Release|Any CPU.ActiveCfg = Release|Any CPU
		{46A6FF98-9123-3657-1F36-C672C3FC41AC}.Release|Any CPU.Build.0 = Release|Any CPU
		{15463625-7A36-A4F6-D7E2-E5AAE9829B80}.Debug|Any CPU.ActiveCfg = Debug|Any CPU
		{15463625-7A36-A4F6-D7E2-E5AAE9829B80}.Debug|Any CPU.Build.0 = Debug|Any CPU
		{15463625-7A36-A4F6-D7E2-E5AAE9829B80}.Release|Any CPU.ActiveCfg = Release|Any CPU
		{15463625-7A36-A4F6-D7E2-E5AAE9829B80}.Release|Any CPU.Build.0 = Release|Any CPU
		{E933A41B-4EB1-4F39-D8F1-D147035C0A33}.Debug|Any CPU.ActiveCfg = Debug|Any CPU
		{E933A41B-4EB1-4F39-D8F1-D147035C0A33}.Debug|Any CPU.Build.0 = Debug|Any CPU
		{E933A41B-4EB1-4F39-D8F1-D147035C0A33}.Release|Any CPU.ActiveCfg = Release|Any CPU
		{E933A41B-4EB1-4F39-D8F1-D147035C0A33}.Release|Any CPU.Build.0 = Release|Any CPU
	EndGlobalSection
	GlobalSection(SolutionProperties) = preSolution
		HideSolutionNode = FALSE
	EndGlobalSection
EndGlobal
