Microsoft Visual Studio Solution File, Format Version 11.00
# Visual Studio 2008

Project("{C9A12532-E291-A33E-474E-8B706CD871E2}") = "TomHax", "Assembly-CSharp.csproj", "{2472C6EF-3D41-2E0A-D0BE-A0F968CE73B0}"
EndProject
Global
	GlobalSection(SolutionConfigurationPlatforms) = preSolution
		Debug|Any CPU = Debug|Any CPU
		Release|Any CPU = Release|Any CPU
	EndGlobalSection
	GlobalSection(ProjectConfigurationPlatforms) = postSolution
		{2472C6EF-3D41-2E0A-D0BE-A0F968CE73B0}.Debug|Any CPU.ActiveCfg = Debug|Any CPU
		{2472C6EF-3D41-2E0A-D0BE-A0F968CE73B0}.Debug|Any CPU.Build.0 = Debug|Any CPU
		{2472C6EF-3D41-2E0A-D0BE-A0F968CE73B0}.Release|Any CPU.ActiveCfg = Release|Any CPU
		{2472C6EF-3D41-2E0A-D0BE-A0F968CE73B0}.Release|Any CPU.Build.0 = Release|Any CPU
	EndGlobalSection
	GlobalSection(SolutionProperties) = preSolution
		HideSolutionNode = FALSE
	EndGlobalSection
	GlobalSection(MonoDevelopProperties) = preSolution
		StartupItem = Assembly-CSharp.csproj
	EndGlobalSection
EndGlobal
